
Microsoft Visual Studio Solution File, Format Version 12.00
# Visual Studio Version 17
VisualStudioVersion = 17.10.35013.160
MinimumVisualStudioVersion = 10.0.40219.1
Project("{FAE04EC0-301F-11D3-BF4B-00C04F79EFBC}") = "Persons", "Persons\Persons.csproj", "{5A158BE8-CDE7-421D-8745-2CF1DFBD15E1}"
EndProject
Global
	GlobalSection(SolutionConfigurationPlatforms) = preSolution
		Debug|Any CPU = Debug|Any CPU
		Release|Any CPU = Release|Any CPU
	EndGlobalSection
	GlobalSection(ProjectConfigurationPlatforms) = postSolution
		{5A158BE8-CDE7-421D-8745-2CF1DFBD15E1}.Debug|Any CPU.ActiveCfg = Debug|Any CPU
		{5A158BE8-CDE7-421D-8745-2CF1DFBD15E1}.Debug|Any CPU.Build.0 = Debug|Any CPU
		{5A158BE8-CDE7-421D-8745-2CF1DFBD15E1}.Release|Any CPU.ActiveCfg = Release|Any CPU
		{5A158BE8-CDE7-421D-8745-2CF1DFBD15E1}.Release|Any CPU.Build.0 = Release|Any CPU
	EndGlobalSection
	GlobalSection(SolutionProperties) = preSolution
		HideSolutionNode = FALSE
	EndGlobalSection
	GlobalSection(ExtensibilityGlobals) = postSolution
		SolutionGuid = {283272F5-E6A6-43F1-B943-C4959D5A2EFE}
	EndGlobalSection
EndGlobal
